{
  "originHash" : "26e42d7c5aa9c69bac77c9e5ab4d4073f20daf07fc12ae42c4610bc55bc4ce04",
  "pins" : [
    {
      "identity" : "swift-argument-parser",
      "kind" : "remoteSourceControl",
      "location" : "https://github.com/apple/swift-argument-parser.git",
      "state" : {
        "revision" : "6a52f3251125d74daf04fcbd5e6f08a75d074382",
        "version" : "1.8.2"
      }
    }
  ],
  "version" : 3
}
